
Microsoft Visual Studio Solution File, Format Version 12.00
# Visual Studio 15
VisualStudioVersion = 15.0.28307.329
MinimumVisualStudioVersion = 10.0.40219.1
Project("{FAE04EC0-301F-11D3-BF4B-00C04F79EFBC}") = "Paint", "Paint\Paint.csproj", "{ABCA03EC-E492-4C15-8AE8-01E148EE24DD}"
EndProject
Global
	GlobalSection(SolutionConfigurationPlatforms) = preSolution
		Debug|Any CPU = Debug|Any CPU
		Release|Any CPU = Release|Any CPU
	EndGlobalSection
	GlobalSection(ProjectConfigurationPlatforms) = postSolution
		{ABCA03EC-E492-4C15-8AE8-01E148EE24DD}.Debug|Any CPU.ActiveCfg = Debug|Any CPU
		{ABCA03EC-E492-4C15-8AE8-01E148EE24DD}.Debug|Any CPU.Build.0 = Debug|Any CPU
		{ABCA03EC-E492-4C15-8AE8-01E148EE24DD}.Release|Any CPU.ActiveCfg = Release|Any CPU
		{ABCA03EC-E492-4C15-8AE8-01E148EE24DD}.Release|Any CPU.Build.0 = Release|Any CPU
	EndGlobalSection
	GlobalSection(SolutionProperties) = preSolution
		HideSolutionNode = FALSE
	EndGlobalSection
	GlobalSection(ExtensibilityGlobals) = postSolution
		SolutionGuid = {3A5250E4-389F-4217-B715-226E71C78FF3}
	EndGlobalSection
EndGlobal
